
Microsoft Visual Studio Solution File, Format Version 12.00
# Visual Studio Version 16
VisualStudioVersion = 16.0.31424.327
MinimumVisualStudioVersion = 10.0.40219.1
Project("{FAE04EC0-301F-11D3-BF4B-00C04F79EFBC}") = "delegate0923", "delegate0923.csproj", "{413E114B-1006-4249-B45C-FF4408C41801}"
EndProject
Global
	GlobalSection(SolutionConfigurationPlatforms) = preSolution
		Debug|Any CPU = Debug|Any CPU
		Release|Any CPU = Release|Any CPU
	EndGlobalSection
	GlobalSection(ProjectConfigurationPlatforms) = postSolution
		{413E114B-1006-4249-B45C-FF4408C41801}.Debug|Any CPU.ActiveCfg = Debug|Any CPU
		{413E114B-1006-4249-B45C-FF4408C41801}.Debug|Any CPU.Build.0 = Debug|Any CPU
		{413E114B-1006-4249-B45C-FF4408C41801}.Release|Any CPU.ActiveCfg = Release|Any CPU
		{413E114B-1006-4249-B45C-FF4408C41801}.Release|Any CPU.Build.0 = Release|Any CPU
	EndGlobalSection
	GlobalSection(SolutionProperties) = preSolution
		HideSolutionNode = FALSE
	EndGlobalSection
	GlobalSection(ExtensibilityGlobals) = postSolution
		SolutionGuid = {B2437DD6-025A-4B69-B86F-367D28232303}
	EndGlobalSection
EndGlobal
