
Microsoft Visual Studio Solution File, Format Version 12.00
# Visual Studio Version 16
VisualStudioVersion = 16.0.31424.327
MinimumVisualStudioVersion = 10.0.40219.1
Project("{FAE04EC0-301F-11D3-BF4B-00C04F79EFBC}") = "CarManager1001", "CarManager1001.csproj", "{8FFC81FD-F794-474E-90AB-924ECDB0C2FD}"
EndProject
Global
	GlobalSection(SolutionConfigurationPlatforms) = preSolution
		Debug|Any CPU = Debug|Any CPU
		Release|Any CPU = Release|Any CPU
	EndGlobalSection
	GlobalSection(ProjectConfigurationPlatforms) = postSolution
		{8FFC81FD-F794-474E-90AB-924ECDB0C2FD}.Debug|Any CPU.ActiveCfg = Debug|Any CPU
		{8FFC81FD-F794-474E-90AB-924ECDB0C2FD}.Debug|Any CPU.Build.0 = Debug|Any CPU
		{8FFC81FD-F794-474E-90AB-924ECDB0C2FD}.Release|Any CPU.ActiveCfg = Release|Any CPU
		{8FFC81FD-F794-474E-90AB-924ECDB0C2FD}.Release|Any CPU.Build.0 = Release|Any CPU
	EndGlobalSection
	GlobalSection(SolutionProperties) = preSolution
		HideSolutionNode = FALSE
	EndGlobalSection
	GlobalSection(ExtensibilityGlobals) = postSolution
		SolutionGuid = {EFC5B34D-6F1C-476D-9CE5-9FFAD38D3004}
	EndGlobalSection
EndGlobal
