
Microsoft Visual Studio Solution File, Format Version 12.00
# Visual Studio Version 16
VisualStudioVersion = 16.0.31424.327
MinimumVisualStudioVersion = 10.0.40219.1
Project("{FAE04EC0-301F-11D3-BF4B-00C04F79EFBC}") = "oracleTest0820", "oracleTest0820.csproj", "{C94ED41F-C092-48CC-8AB3-0F42A8C8FAFB}"
EndProject
Global
	GlobalSection(SolutionConfigurationPlatforms) = preSolution
		Debug|Any CPU = Debug|Any CPU
		Release|Any CPU = Release|Any CPU
	EndGlobalSection
	GlobalSection(ProjectConfigurationPlatforms) = postSolution
		{C94ED41F-C092-48CC-8AB3-0F42A8C8FAFB}.Debug|Any CPU.ActiveCfg = Debug|Any CPU
		{C94ED41F-C092-48CC-8AB3-0F42A8C8FAFB}.Debug|Any CPU.Build.0 = Debug|Any CPU
		{C94ED41F-C092-48CC-8AB3-0F42A8C8FAFB}.Release|Any CPU.ActiveCfg = Release|Any CPU
		{C94ED41F-C092-48CC-8AB3-0F42A8C8FAFB}.Release|Any CPU.Build.0 = Release|Any CPU
	EndGlobalSection
	GlobalSection(SolutionProperties) = preSolution
		HideSolutionNode = FALSE
	EndGlobalSection
	GlobalSection(ExtensibilityGlobals) = postSolution
		SolutionGuid = {65D7A5C6-B41B-45E4-A396-6FDB3AB53F4C}
	EndGlobalSection
EndGlobal
