
Microsoft Visual Studio Solution File, Format Version 12.00
# Visual Studio Version 16
VisualStudioVersion = 16.0.31424.327
MinimumVisualStudioVersion = 10.0.40219.1
Project("{FAE04EC0-301F-11D3-BF4B-00C04F79EFBC}") = "MESDesign", "MESDesign.csproj", "{BE6451D9-C2A3-4110-A69F-3FE1401A7EB7}"
EndProject
Global
	GlobalSection(SolutionConfigurationPlatforms) = preSolution
		Debug|Any CPU = Debug|Any CPU
		Release|Any CPU = Release|Any CPU
	EndGlobalSection
	GlobalSection(ProjectConfigurationPlatforms) = postSolution
		{BE6451D9-C2A3-4110-A69F-3FE1401A7EB7}.Debug|Any CPU.ActiveCfg = Debug|Any CPU
		{BE6451D9-C2A3-4110-A69F-3FE1401A7EB7}.Debug|Any CPU.Build.0 = Debug|Any CPU
		{BE6451D9-C2A3-4110-A69F-3FE1401A7EB7}.Release|Any CPU.ActiveCfg = Release|Any CPU
		{BE6451D9-C2A3-4110-A69F-3FE1401A7EB7}.Release|Any CPU.Build.0 = Release|Any CPU
	EndGlobalSection
	GlobalSection(SolutionProperties) = preSolution
		HideSolutionNode = FALSE
	EndGlobalSection
	GlobalSection(ExtensibilityGlobals) = postSolution
		SolutionGuid = {AB1886DD-083E-479E-B520-50AFC71F7AF5}
	EndGlobalSection
EndGlobal
