
Microsoft Visual Studio Solution File, Format Version 12.00
# Visual Studio Version 16
VisualStudioVersion = 16.0.31424.327
MinimumVisualStudioVersion = 10.0.40219.1
Project("{FAE04EC0-301F-11D3-BF4B-00C04F79EFBC}") = "WeeklyChallenge_8week_1", "WeeklyChallenge_8week_1.csproj", "{7501869D-D031-4605-BC31-72FB91D5636D}"
EndProject
Global
	GlobalSection(SolutionConfigurationPlatforms) = preSolution
		Debug|Any CPU = Debug|Any CPU
		Release|Any CPU = Release|Any CPU
	EndGlobalSection
	GlobalSection(ProjectConfigurationPlatforms) = postSolution
		{7501869D-D031-4605-BC31-72FB91D5636D}.Debug|Any CPU.ActiveCfg = Debug|Any CPU
		{7501869D-D031-4605-BC31-72FB91D5636D}.Debug|Any CPU.Build.0 = Debug|Any CPU
		{7501869D-D031-4605-BC31-72FB91D5636D}.Release|Any CPU.ActiveCfg = Release|Any CPU
		{7501869D-D031-4605-BC31-72FB91D5636D}.Release|Any CPU.Build.0 = Release|Any CPU
	EndGlobalSection
	GlobalSection(SolutionProperties) = preSolution
		HideSolutionNode = FALSE
	EndGlobalSection
	GlobalSection(ExtensibilityGlobals) = postSolution
		SolutionGuid = {1AFD8EB9-4107-46E1-AA7B-33ABFEBC1B05}
	EndGlobalSection
EndGlobal
