
Microsoft Visual Studio Solution File, Format Version 12.00
# Visual Studio Version 16
VisualStudioVersion = 16.0.31424.327
MinimumVisualStudioVersion = 10.0.40219.1
Project("{FAE04EC0-301F-11D3-BF4B-00C04F79EFBC}") = "thread0924_2", "thread0924_2.csproj", "{E6E4FD52-F44C-479E-9DA4-A6759602D3C2}"
EndProject
Global
	GlobalSection(SolutionConfigurationPlatforms) = preSolution
		Debug|Any CPU = Debug|Any CPU
		Release|Any CPU = Release|Any CPU
	EndGlobalSection
	GlobalSection(ProjectConfigurationPlatforms) = postSolution
		{E6E4FD52-F44C-479E-9DA4-A6759602D3C2}.Debug|Any CPU.ActiveCfg = Debug|Any CPU
		{E6E4FD52-F44C-479E-9DA4-A6759602D3C2}.Debug|Any CPU.Build.0 = Debug|Any CPU
		{E6E4FD52-F44C-479E-9DA4-A6759602D3C2}.Release|Any CPU.ActiveCfg = Release|Any CPU
		{E6E4FD52-F44C-479E-9DA4-A6759602D3C2}.Release|Any CPU.Build.0 = Release|Any CPU
	EndGlobalSection
	GlobalSection(SolutionProperties) = preSolution
		HideSolutionNode = FALSE
	EndGlobalSection
	GlobalSection(ExtensibilityGlobals) = postSolution
		SolutionGuid = {6048712D-A43B-4E96-88D0-DC6EB6AE4C22}
	EndGlobalSection
EndGlobal
