
Microsoft Visual Studio Solution File, Format Version 12.00
# Visual Studio Version 16
VisualStudioVersion = 16.0.31424.327
MinimumVisualStudioVersion = 10.0.40219.1
Project("{FAE04EC0-301F-11D3-BF4B-00C04F79EFBC}") = "codingTest2021_intern1", "codingTest2021_intern1.csproj", "{6A6FC90F-4026-40A7-8B74-4C414017A703}"
EndProject
Global
	GlobalSection(SolutionConfigurationPlatforms) = preSolution
		Debug|Any CPU = Debug|Any CPU
		Release|Any CPU = Release|Any CPU
	EndGlobalSection
	GlobalSection(ProjectConfigurationPlatforms) = postSolution
		{6A6FC90F-4026-40A7-8B74-4C414017A703}.Debug|Any CPU.ActiveCfg = Debug|Any CPU
		{6A6FC90F-4026-40A7-8B74-4C414017A703}.Debug|Any CPU.Build.0 = Debug|Any CPU
		{6A6FC90F-4026-40A7-8B74-4C414017A703}.Release|Any CPU.ActiveCfg = Release|Any CPU
		{6A6FC90F-4026-40A7-8B74-4C414017A703}.Release|Any CPU.Build.0 = Release|Any CPU
	EndGlobalSection
	GlobalSection(SolutionProperties) = preSolution
		HideSolutionNode = FALSE
	EndGlobalSection
	GlobalSection(ExtensibilityGlobals) = postSolution
		SolutionGuid = {E25D1837-DA69-442E-8917-B89C7F318EED}
	EndGlobalSection
EndGlobal
